
Microsoft Visual Studio Solution File, Format Version 12.00
# Visual Studio Version 17
VisualStudioVersion = 17.3.32922.545
MinimumVisualStudioVersion = 10.0.40219.1
Project("{FAE04EC0-301F-11D3-BF4B-00C04F79EFBC}") = "Individual Assignment 9", "Individual Assignment 9\Individual Assignment 9.csproj", "{61DAB346-5832-430C-9EC4-C442B5E7997D}"
EndProject
Global
	GlobalSection(SolutionConfigurationPlatforms) = preSolution
		Debug|Any CPU = Debug|Any CPU
		Release|Any CPU = Release|Any CPU
	EndGlobalSection
	GlobalSection(ProjectConfigurationPlatforms) = postSolution
		{61DAB346-5832-430C-9EC4-C442B5E7997D}.Debug|Any CPU.ActiveCfg = Debug|Any CPU
		{61DAB346-5832-430C-9EC4-C442B5E7997D}.Debug|Any CPU.Build.0 = Debug|Any CPU
		{61DAB346-5832-430C-9EC4-C442B5E7997D}.Release|Any CPU.ActiveCfg = Release|Any CPU
		{61DAB346-5832-430C-9EC4-C442B5E7997D}.Release|Any CPU.Build.0 = Release|Any CPU
	EndGlobalSection
	GlobalSection(SolutionProperties) = preSolution
		HideSolutionNode = FALSE
	EndGlobalSection
	GlobalSection(ExtensibilityGlobals) = postSolution
		SolutionGuid = {E8BA38EC-7689-4A67-8F5E-54151ADC77C9}
	EndGlobalSection
EndGlobal
